// !$*UTF8*$!
{
	archiveVersion = 1;
	classes = {
	};
	objectVersion = 77;
	objects = {

/* Begin PBXBuildFile section */
		B00000000000000000000001 /* LiquidUI in Frameworks */ = {isa = PBXBuildFile; productRef = B00000000000000000000003 /* LiquidUI */; };
		B00000000000000000000002 /* LiquidUI in Frameworks */ = {isa = PBXBuildFile; productRef = B00000000000000000000004 /* LiquidUI */; };
		D00000000000000000000001 /* SQLiteData in Frameworks */ = {isa = PBXBuildFile; productRef = D00000000000000000000003 /* SQLiteData */; };
		D00000000000000000000002 /* SQLiteData in Frameworks */ = {isa = PBXBuildFile; productRef = D00000000000000000000004 /* SQLiteData */; };
        F00000000000000000000010 /* GRDB in Frameworks */ = {isa = PBXBuildFile; productRef = E00000000000000000000010 /* GRDB */; };
        F00000000000000000000011 /* StructuredQueriesSQLite in Frameworks */ = {isa = PBXBuildFile; productRef = E00000000000000000000011 /* StructuredQueriesSQLite */; };
        F00000000000000000000020 /* GRDB in Frameworks */ = {isa = PBXBuildFile; productRef = E00000000000000000000020 /* GRDB */; };
        F00000000000000000000021 /* StructuredQueriesSQLite in Frameworks */ = {isa = PBXBuildFile; productRef = E00000000000000000000021 /* StructuredQueriesSQLite */; };
/* End PBXBuildFile section */

/* Begin PBXContainerItemProxy section */
		A00000000000000000000016 /* PBXContainerItemProxy */ = {
			isa = PBXContainerItemProxy;
			containerPortal = A00000000000000000000000 /* Project object */;
			proxyType = 1;
			remoteGlobalIDString = A00000000000000000000007;
			remoteInfo = TimerMac;
		};
/* End PBXContainerItemProxy section */

/* Begin PBXFileReference section */
		A00000000000000000000005 /* TimerMac.app */ = {isa = PBXFileReference; explicitFileType = wrapper.application; includeInIndex = 0; path = TimerMac.app; sourceTree = BUILT_PRODUCTS_DIR; };
		A00000000000000000000006 /* TimerMacTests.xctest */ = {isa = PBXFileReference; explicitFileType = wrapper.cfbundle; includeInIndex = 0; path = TimerMacTests.xctest; sourceTree = BUILT_PRODUCTS_DIR; };
/* End PBXFileReference section */

/* Begin PBXFileSystemSynchronizedRootGroup section */
		A00000000000000000000003 /* TimerMac */ = {
			isa = PBXFileSystemSynchronizedRootGroup;
			path = TimerMac;
			sourceTree = "<group>";
		};
		A00000000000000000000004 /* TimerMacTests */ = {
			isa = PBXFileSystemSynchronizedRootGroup;
			path = TimerMacTests;
			sourceTree = "<group>";
		};
/* End PBXFileSystemSynchronizedRootGroup section */

/* Begin PBXFrameworksBuildPhase section */
		A00000000000000000000011 /* Frameworks */ = {
			isa = PBXFrameworksBuildPhase;
			buildActionMask = 2147483647;
			files = (
				B00000000000000000000001 /* LiquidUI in Frameworks */,
				D00000000000000000000001 /* SQLiteData in Frameworks */,
                F00000000000000000000011 /* StructuredQueriesSQLite in Frameworks */,
                F00000000000000000000010 /* GRDB in Frameworks */,
			);
			runOnlyForDeploymentPostprocessing = 0;
		};
		A00000000000000000000014 /* Frameworks */ = {
			isa = PBXFrameworksBuildPhase;
			buildActionMask = 2147483647;
			files = (
				B00000000000000000000002 /* LiquidUI in Frameworks */,
				D00000000000000000000002 /* SQLiteData in Frameworks */,
                F00000000000000000000021 /* StructuredQueriesSQLite in Frameworks */,
                F00000000000000000000020 /* GRDB in Frameworks */,
			);
			runOnlyForDeploymentPostprocessing = 0;
		};
/* End PBXFrameworksBuildPhase section */

/* Begin PBXGroup section */
		A00000000000000000000001 = {
			isa = PBXGroup;
			children = (
				A00000000000000000000003 /* TimerMac */,
				A00000000000000000000004 /* TimerMacTests */,
				A00000000000000000000002 /* Products */,
			);
			sourceTree = "<group>";
		};
		A00000000000000000000002 /* Products */ = {
			isa = PBXGroup;
			children = (
				A00000000000000000000005 /* TimerMac.app */,
				A00000000000000000000006 /* TimerMacTests.xctest */,
			);
			name = Products;
			sourceTree = "<group>";
		};
/* End PBXGroup section */

/* Begin PBXNativeTarget section */
		A00000000000000000000007 /* TimerMac */ = {
			isa = PBXNativeTarget;
			buildConfigurationList = A00000000000000000000023 /* Build configuration list for PBXNativeTarget "TimerMac" */;
			buildPhases = (
				A00000000000000000000010 /* Sources */,
				A00000000000000000000011 /* Frameworks */,
				A00000000000000000000012 /* Resources */,
				C00000000000000000000001 /* Focus public configuration */,
			);
			buildRules = (
			);
			dependencies = (
			);
			fileSystemSynchronizedGroups = (
				A00000000000000000000003 /* TimerMac */,
			);
			name = TimerMac;
			packageProductDependencies = (
				B00000000000000000000003 /* LiquidUI */,
				D00000000000000000000003 /* SQLiteData */,
                E00000000000000000000011 /* StructuredQueriesSQLite */,
                E00000000000000000000010 /* GRDB */,
			);
			productName = TimerMac;
			productReference = A00000000000000000000005 /* TimerMac.app */;
			productType = "com.apple.product-type.application";
		};
		A00000000000000000000008 /* TimerMacTests */ = {
			isa = PBXNativeTarget;
			buildConfigurationList = A00000000000000000000026 /* Build configuration list for PBXNativeTarget "TimerMacTests" */;
			buildPhases = (
				A00000000000000000000013 /* Sources */,
				A00000000000000000000014 /* Frameworks */,
				A00000000000000000000015 /* Resources */,
			);
			buildRules = (
			);
			dependencies = (
				A00000000000000000000017 /* PBXTargetDependency */,
			);
			fileSystemSynchronizedGroups = (
				A00000000000000000000004 /* TimerMacTests */,
			);
			name = TimerMacTests;
			packageProductDependencies = (
				B00000000000000000000004 /* LiquidUI */,
				D00000000000000000000004 /* SQLiteData */,
                E00000000000000000000021 /* StructuredQueriesSQLite */,
                E00000000000000000000020 /* GRDB */,
			);
			productName = TimerMacTests;
			productReference = A00000000000000000000006 /* TimerMacTests.xctest */;
			productType = "com.apple.product-type.bundle.unit-test";
		};
/* End PBXNativeTarget section */

/* Begin PBXProject section */
		A00000000000000000000000 /* Project object */ = {
			isa = PBXProject;
			attributes = {
				BuildIndependentTargetsInParallel = 1;
				LastSwiftUpdateCheck = 2660;
				LastUpgradeCheck = 2660;
				TargetAttributes = {
					A00000000000000000000007 = {
						CreatedOnToolsVersion = 26.6;
					};
					A00000000000000000000008 = {
						CreatedOnToolsVersion = 26.6;
						TestTargetID = A00000000000000000000007;
					};
				};
			};
			buildConfigurationList = A00000000000000000000020 /* Build configuration list for PBXProject "TimerMac" */;
			developmentRegion = en;
			hasScannedForEncodings = 0;
			knownRegions = (
				en,
				Base,
			);
			mainGroup = A00000000000000000000001;
			minimizedProjectReferenceProxies = 1;
			packageReferences = (
				D00000000000000000000007 /* GRDB */,
				D00000000000000000000006 /* swift-structured-queries */,
				D00000000000000000000005 /* XCRemoteSwiftPackageReference "sqlite-data" */,
				B00000000000000000000005 /* XCLocalSwiftPackageReference "../../packages/liquid-ui" */,
			);
			preferredProjectObjectVersion = 77;
			productRefGroup = A00000000000000000000002 /* Products */;
			projectDirPath = "";
			projectRoot = "";
			targets = (
				A00000000000000000000007 /* TimerMac */,
				A00000000000000000000008 /* TimerMacTests */,
			);
		};
/* End PBXProject section */

/* Begin PBXResourcesBuildPhase section */
		A00000000000000000000012 /* Resources */ = {
			isa = PBXResourcesBuildPhase;
			buildActionMask = 2147483647;
			files = (
			);
			runOnlyForDeploymentPostprocessing = 0;
		};
		A00000000000000000000015 /* Resources */ = {
			isa = PBXResourcesBuildPhase;
			buildActionMask = 2147483647;
			files = (
			);
			runOnlyForDeploymentPostprocessing = 0;
		};
/* End PBXResourcesBuildPhase section */

/* Begin PBXShellScriptBuildPhase section */
		C00000000000000000000001 /* Focus public configuration */ = {
			isa = PBXShellScriptBuildPhase;
			alwaysOutOfDate = 1;
			buildActionMask = 2147483647;
			files = (
			);
			inputPaths = (
			);
			name = "Focus public configuration";
			outputPaths = (
				"$(TARGET_BUILD_DIR)/$(UNLOCALIZED_RESOURCES_FOLDER_PATH)/FocusAuthConfiguration.json",
			);
			runOnlyForDeploymentPostprocessing = 0;
			shellPath = /bin/sh;
			shellScript = "export PATH=\"/opt/homebrew/bin:/usr/local/bin:$PATH\"\nnode \"$SRCROOT/../../scripts/macos-auth-configuration.mjs\" \"$TARGET_BUILD_DIR/$UNLOCALIZED_RESOURCES_FOLDER_PATH/FocusAuthConfiguration.json\"\n";
		};
/* End PBXShellScriptBuildPhase section */

/* Begin PBXSourcesBuildPhase section */
		A00000000000000000000010 /* Sources */ = {
			isa = PBXSourcesBuildPhase;
			buildActionMask = 2147483647;
			files = (
			);
			runOnlyForDeploymentPostprocessing = 0;
		};
		A00000000000000000000013 /* Sources */ = {
			isa = PBXSourcesBuildPhase;
			buildActionMask = 2147483647;
			files = (
			);
			runOnlyForDeploymentPostprocessing = 0;
		};
/* End PBXSourcesBuildPhase section */

/* Begin PBXTargetDependency section */
		A00000000000000000000017 /* PBXTargetDependency */ = {
			isa = PBXTargetDependency;
			target = A00000000000000000000007 /* TimerMac */;
			targetProxy = A00000000000000000000016 /* PBXContainerItemProxy */;
		};
/* End PBXTargetDependency section */

/* Begin XCBuildConfiguration section */
		A00000000000000000000021 /* Debug */ = {
			isa = XCBuildConfiguration;
			buildSettings = {
				ALWAYS_SEARCH_USER_PATHS = NO;
				CLANG_ENABLE_MODULES = YES;
				CLANG_ENABLE_OBJC_ARC = YES;
				COPY_PHASE_STRIP = NO;
				DEBUG_INFORMATION_FORMAT = dwarf;
				ENABLE_TESTABILITY = YES;
				GCC_C_LANGUAGE_STANDARD = gnu17;
				GCC_OPTIMIZATION_LEVEL = 0;
				MACOSX_DEPLOYMENT_TARGET = 14.0;
				ONLY_ACTIVE_ARCH = YES;
				SDKROOT = macosx;
				SWIFT_ACTIVE_COMPILATION_CONDITIONS = "DEBUG $(inherited)";
				SWIFT_OPTIMIZATION_LEVEL = "-Onone";
			};
			name = Debug;
		};
		A00000000000000000000022 /* Release */ = {
			isa = XCBuildConfiguration;
			buildSettings = {
				ALWAYS_SEARCH_USER_PATHS = NO;
				CLANG_ENABLE_MODULES = YES;
				CLANG_ENABLE_OBJC_ARC = YES;
				COPY_PHASE_STRIP = NO;
				DEBUG_INFORMATION_FORMAT = "dwarf-with-dsym";
				ENABLE_NS_ASSERTIONS = NO;
				GCC_C_LANGUAGE_STANDARD = gnu17;
				MACOSX_DEPLOYMENT_TARGET = 14.0;
				SDKROOT = macosx;
				SWIFT_COMPILATION_MODE = wholemodule;
			};
			name = Release;
		};
		A00000000000000000000024 /* Debug */ = {
			isa = XCBuildConfiguration;
			buildSettings = {
				CODE_SIGN_ENTITLEMENTS = TimerMac/TimerMac.entitlements;
				CODE_SIGN_STYLE = Automatic;
				CURRENT_PROJECT_VERSION = 1;
				ENABLE_HARDENED_RUNTIME = YES;
				GENERATE_INFOPLIST_FILE = YES;
				INFOPLIST_KEY_LSApplicationCategoryType = "public.app-category.productivity";
				INFOPLIST_KEY_LSUIElement = YES;
				LD_RUNPATH_SEARCH_PATHS = (
					"$(inherited)",
					"@executable_path/../Frameworks",
				);
				MARKETING_VERSION = 0.0.0;
				PRODUCT_BUNDLE_IDENTIFIER = com.benjaminschachter.timer.macos;
				PRODUCT_NAME = "$(TARGET_NAME)";
				SWIFT_APPROACHABLE_CONCURRENCY = YES;
				SWIFT_EMIT_LOC_STRINGS = YES;
				SWIFT_STRICT_CONCURRENCY = complete;
				SWIFT_VERSION = 6.0;
			};
			name = Debug;
		};
		A00000000000000000000025 /* Release */ = {
			isa = XCBuildConfiguration;
			buildSettings = {
				CODE_SIGN_ENTITLEMENTS = TimerMac/TimerMac.entitlements;
				CODE_SIGN_STYLE = Automatic;
				CURRENT_PROJECT_VERSION = 1;
				ENABLE_HARDENED_RUNTIME = YES;
				GENERATE_INFOPLIST_FILE = YES;
				INFOPLIST_KEY_LSApplicationCategoryType = "public.app-category.productivity";
				INFOPLIST_KEY_LSUIElement = YES;
				LD_RUNPATH_SEARCH_PATHS = (
					"$(inherited)",
					"@executable_path/../Frameworks",
				);
				MARKETING_VERSION = 0.0.0;
				PRODUCT_BUNDLE_IDENTIFIER = com.benjaminschachter.timer.macos;
				PRODUCT_NAME = "$(TARGET_NAME)";
				SWIFT_APPROACHABLE_CONCURRENCY = YES;
				SWIFT_EMIT_LOC_STRINGS = YES;
				SWIFT_STRICT_CONCURRENCY = complete;
				SWIFT_VERSION = 6.0;
			};
			name = Release;
		};
		A00000000000000000000027 /* Debug */ = {
			isa = XCBuildConfiguration;
			buildSettings = {
				BUNDLE_LOADER = "$(TEST_HOST)";
				CODE_SIGN_STYLE = Automatic;
				CURRENT_PROJECT_VERSION = 1;
				GENERATE_INFOPLIST_FILE = YES;
				LD_RUNPATH_SEARCH_PATHS = (
					"$(inherited)",
					"@executable_path/../Frameworks",
					"@loader_path/../Frameworks",
				);
				MARKETING_VERSION = 0.0.0;
				PRODUCT_BUNDLE_IDENTIFIER = com.benjaminschachter.timer.macos.tests;
				PRODUCT_NAME = "$(TARGET_NAME)";
				SWIFT_APPROACHABLE_CONCURRENCY = YES;
				SWIFT_STRICT_CONCURRENCY = complete;
				SWIFT_VERSION = 6.0;
				TEST_HOST = "$(BUILT_PRODUCTS_DIR)/TimerMac.app/Contents/MacOS/TimerMac";
			};
			name = Debug;
		};
		A00000000000000000000028 /* Release */ = {
			isa = XCBuildConfiguration;
			buildSettings = {
				BUNDLE_LOADER = "$(TEST_HOST)";
				CODE_SIGN_STYLE = Automatic;
				CURRENT_PROJECT_VERSION = 1;
				GENERATE_INFOPLIST_FILE = YES;
				LD_RUNPATH_SEARCH_PATHS = (
					"$(inherited)",
					"@executable_path/../Frameworks",
					"@loader_path/../Frameworks",
				);
				MARKETING_VERSION = 0.0.0;
				PRODUCT_BUNDLE_IDENTIFIER = com.benjaminschachter.timer.macos.tests;
				PRODUCT_NAME = "$(TARGET_NAME)";
				SWIFT_APPROACHABLE_CONCURRENCY = YES;
				SWIFT_STRICT_CONCURRENCY = complete;
				SWIFT_VERSION = 6.0;
				TEST_HOST = "$(BUILT_PRODUCTS_DIR)/TimerMac.app/Contents/MacOS/TimerMac";
			};
			name = Release;
		};
/* End XCBuildConfiguration section */

/* Begin XCConfigurationList section */
		A00000000000000000000020 /* Build configuration list for PBXProject "TimerMac" */ = {
			isa = XCConfigurationList;
			buildConfigurations = (
				A00000000000000000000021 /* Debug */,
				A00000000000000000000022 /* Release */,
			);
			defaultConfigurationIsVisible = 0;
			defaultConfigurationName = Release;
		};
		A00000000000000000000023 /* Build configuration list for PBXNativeTarget "TimerMac" */ = {
			isa = XCConfigurationList;
			buildConfigurations = (
				A00000000000000000000024 /* Debug */,
				A00000000000000000000025 /* Release */,
			);
			defaultConfigurationIsVisible = 0;
			defaultConfigurationName = Release;
		};
		A00000000000000000000026 /* Build configuration list for PBXNativeTarget "TimerMacTests" */ = {
			isa = XCConfigurationList;
			buildConfigurations = (
				A00000000000000000000027 /* Debug */,
				A00000000000000000000028 /* Release */,
			);
			defaultConfigurationIsVisible = 0;
			defaultConfigurationName = Release;
		};
/* End XCConfigurationList section */

/* Begin XCLocalSwiftPackageReference section */
		B00000000000000000000005 /* XCLocalSwiftPackageReference "../../packages/liquid-ui" */ = {
			isa = XCLocalSwiftPackageReference;
			relativePath = "../../packages/liquid-ui";
		};
/* End XCLocalSwiftPackageReference section */

/* Begin XCRemoteSwiftPackageReference section */
		D00000000000000000000005 /* XCRemoteSwiftPackageReference "sqlite-data" */ = {
			isa = XCRemoteSwiftPackageReference;
			repositoryURL = "https://github.com/pointfreeco/sqlite-data";
			requirement = {
				kind = exactVersion;
				version = 1.11.0;
			};
		};
        D00000000000000000000006 /* swift-structured-queries */ = {
            isa = XCRemoteSwiftPackageReference;
            repositoryURL = "https://github.com/pointfreeco/swift-structured-queries";
            requirement = { kind = exactVersion; version = 0.36.0; };
        };
        D00000000000000000000007 /* GRDB */ = {
            isa = XCRemoteSwiftPackageReference;
            repositoryURL = "https://github.com/groue/GRDB.swift";
            requirement = { kind = exactVersion; version = 7.11.1; };
        };
/* End XCRemoteSwiftPackageReference section */

/* Begin XCSwiftPackageProductDependency section */
		B00000000000000000000003 /* LiquidUI */ = {
			isa = XCSwiftPackageProductDependency;
			productName = LiquidUI;
		};
		B00000000000000000000004 /* LiquidUI */ = {
			isa = XCSwiftPackageProductDependency;
			productName = LiquidUI;
		};
		D00000000000000000000003 /* SQLiteData */ = {
			isa = XCSwiftPackageProductDependency;
			package = D00000000000000000000005 /* XCRemoteSwiftPackageReference "sqlite-data" */;
			productName = SQLiteData;
		};
		D00000000000000000000004 /* SQLiteData */ = {
			isa = XCSwiftPackageProductDependency;
			package = D00000000000000000000005 /* XCRemoteSwiftPackageReference "sqlite-data" */;
			productName = SQLiteData;
		};
        E00000000000000000000010 /* GRDB */ = {
            isa = XCSwiftPackageProductDependency;
            package = D00000000000000000000007;
            productName = GRDB;
        };
        E00000000000000000000011 /* StructuredQueriesSQLite */ = {
            isa = XCSwiftPackageProductDependency;
            package = D00000000000000000000006;
            productName = StructuredQueriesSQLite;
        };
        E00000000000000000000020 /* GRDB */ = {
            isa = XCSwiftPackageProductDependency;
            package = D00000000000000000000007;
            productName = GRDB;
        };
        E00000000000000000000021 /* StructuredQueriesSQLite */ = {
            isa = XCSwiftPackageProductDependency;
            package = D00000000000000000000006;
            productName = StructuredQueriesSQLite;
        };
/* End XCSwiftPackageProductDependency section */
	};
	rootObject = A00000000000000000000000 /* Project object */;
}
